
Microsoft Visual Studio Solution File, Format Version 12.00
# Visual Studio Version 17
VisualStudioVersion = 17.0.32014.148
MinimumVisualStudioVersion = 10.0.40219.1
Project("{9A19103F-16F7-4668-BE54-9A1E7A4F7556}") = "TSK.API", "TSK.API\TSK.API.csproj", "{D216C6BE-22B7-4B56-9EAB-94BBA8868731}"
EndProject
Project("{9A19103F-16F7-4668-BE54-9A1E7A4F7556}") = "TSK.Data", "TSK.Data\TSK.Data.csproj", "{54070D3C-74E5-4AF4-9A59-AF59631A40E9}"
EndProject
Project("{9A19103F-16F7-4668-BE54-9A1E7A4F7556}") = "TSK.Model", "TSK.Model\TSK.Model.csproj", "{A089FC6D-E79A-425C-B136-0B8B23A4496C}"
EndProject
Project("{9A19103F-16F7-4668-BE54-9A1E7A4F7556}") = "TSK.IoC", "TSK.IoC\TSK.IoC.csproj", "{6911C861-B234-4F4A-9FAF-CEE57F2ECE29}"
EndProject
Project("{9A19103F-16F7-4668-BE54-9A1E7A4F7556}") = "TSK.Application", "TSK.Application\TSK.Application.csproj", "{F29C5438-DE52-439D-A3E6-A4BBA2259A97}"
EndProject
Project("{9A19103F-16F7-4668-BE54-9A1E7A4F7556}") = "TSK.ExceptionHandler", "TSK.Exception\TSK.ExceptionHandler.csproj", "{72B4F04C-3925-4750-B901-024742A2ABBC}"
EndProject
Project("{9A19103F-16F7-4668-BE54-9A1E7A4F7556}") = "TSK.DTO", "TSK.DTO\TSK.DTO.csproj", "{571C146E-CA5C-4816-8127-F0917E73F91A}"
EndProject
Project("{FAE04EC0-301F-11D3-BF4B-00C04F79EFBC}") = "TSK.Security", "TSK.Security\TSK.Security.csproj", "{AA2C8F17-DA60-452E-AC3F-E4705C625E30}"
EndProject
Global
	GlobalSection(SolutionConfigurationPlatforms) = preSolution
		Debug|Any CPU = Debug|Any CPU
		Release|Any CPU = Release|Any CPU
	EndGlobalSection
	GlobalSection(ProjectConfigurationPlatforms) = postSolution
		{D216C6BE-22B7-4B56-9EAB-94BBA8868731}.Debug|Any CPU.ActiveCfg = Debug|Any CPU
		{D216C6BE-22B7-4B56-9EAB-94BBA8868731}.Debug|Any CPU.Build.0 = Debug|Any CPU
		{D216C6BE-22B7-4B56-9EAB-94BBA8868731}.Release|Any CPU.ActiveCfg = Release|Any CPU
		{D216C6BE-22B7-4B56-9EAB-94BBA8868731}.Release|Any CPU.Build.0 = Release|Any CPU
		{54070D3C-74E5-4AF4-9A59-AF59631A40E9}.Debug|Any CPU.ActiveCfg = Debug|Any CPU
		{54070D3C-74E5-4AF4-9A59-AF59631A40E9}.Debug|Any CPU.Build.0 = Debug|Any CPU
		{54070D3C-74E5-4AF4-9A59-AF59631A40E9}.Release|Any CPU.ActiveCfg = Release|Any CPU
		{54070D3C-74E5-4AF4-9A59-AF59631A40E9}.Release|Any CPU.Build.0 = Release|Any CPU
		{A089FC6D-E79A-425C-B136-0B8B23A4496C}.Debug|Any CPU.ActiveCfg = Debug|Any CPU
		{A089FC6D-E79A-425C-B136-0B8B23A4496C}.Debug|Any CPU.Build.0 = Debug|Any CPU
		{A089FC6D-E79A-425C-B136-0B8B23A4496C}.Release|Any CPU.ActiveCfg = Release|Any CPU
		{A089FC6D-E79A-425C-B136-0B8B23A4496C}.Release|Any CPU.Build.0 = Release|Any CPU
		{6911C861-B234-4F4A-9FAF-CEE57F2ECE29}.Debug|Any CPU.ActiveCfg = Debug|Any CPU
		{6911C861-B234-4F4A-9FAF-CEE57F2ECE29}.Debug|Any CPU.Build.0 = Debug|Any CPU
		{6911C861-B234-4F4A-9FAF-CEE57F2ECE29}.Release|Any CPU.ActiveCfg = Release|Any CPU
		{6911C861-B234-4F4A-9FAF-CEE57F2ECE29}.Release|Any CPU.Build.0 = Release|Any CPU
		{F29C5438-DE52-439D-A3E6-A4BBA2259A97}.Debug|Any CPU.ActiveCfg = Debug|Any CPU
		{F29C5438-DE52-439D-A3E6-A4BBA2259A97}.Debug|Any CPU.Build.0 = Debug|Any CPU
		{F29C5438-DE52-439D-A3E6-A4BBA2259A97}.Release|Any CPU.ActiveCfg = Release|Any CPU
		{F29C5438-DE52-439D-A3E6-A4BBA2259A97}.Release|Any CPU.Build.0 = Release|Any CPU
		{72B4F04C-3925-4750-B901-024742A2ABBC}.Debug|Any CPU.ActiveCfg = Debug|Any CPU
		{72B4F04C-3925-4750-B901-024742A2ABBC}.Debug|Any CPU.Build.0 = Debug|Any CPU
		{72B4F04C-3925-4750-B901-024742A2ABBC}.Release|Any CPU.ActiveCfg = Release|Any CPU
		{72B4F04C-3925-4750-B901-024742A2ABBC}.Release|Any CPU.Build.0 = Release|Any CPU
		{571C146E-CA5C-4816-8127-F0917E73F91A}.Debug|Any CPU.ActiveCfg = Debug|Any CPU
		{571C146E-CA5C-4816-8127-F0917E73F91A}.Debug|Any CPU.Build.0 = Debug|Any CPU
		{571C146E-CA5C-4816-8127-F0917E73F91A}.Release|Any CPU.ActiveCfg = Release|Any CPU
		{571C146E-CA5C-4816-8127-F0917E73F91A}.Release|Any CPU.Build.0 = Release|Any CPU
		{AA2C8F17-DA60-452E-AC3F-E4705C625E30}.Debug|Any CPU.ActiveCfg = Debug|Any CPU
		{AA2C8F17-DA60-452E-AC3F-E4705C625E30}.Debug|Any CPU.Build.0 = Debug|Any CPU
		{AA2C8F17-DA60-452E-AC3F-E4705C625E30}.Release|Any CPU.ActiveCfg = Release|Any CPU
		{AA2C8F17-DA60-452E-AC3F-E4705C625E30}.Release|Any CPU.Build.0 = Release|Any CPU
	EndGlobalSection
	GlobalSection(SolutionProperties) = preSolution
		HideSolutionNode = FALSE
	EndGlobalSection
	GlobalSection(ExtensibilityGlobals) = postSolution
		SolutionGuid = {2CD4E692-23D4-4366-86C9-4F4D7DD2F61A}
	EndGlobalSection
EndGlobal
